
Microsoft Visual Studio Solution File, Format Version 12.00
# Visual Studio Version 17
VisualStudioVersion = 17.14.36518.9 d17.14
MinimumVisualStudioVersion = 10.0.40219.1
Project("{FAE04EC0-301F-11D3-BF4B-00C04F79EFBC}") = "PBD_pendulum_simulation", "PBD_pendulum_simulation\PBD_pendulum_simulation.csproj", "{1E1DB313-E919-4CD7-8A8E-AB9A0A919F4D}"
EndProject
Global
	GlobalSection(SolutionConfigurationPlatforms) = preSolution
		Debug|Any CPU = Debug|Any CPU
		Release|Any CPU = Release|Any CPU
	EndGlobalSection
	GlobalSection(ProjectConfigurationPlatforms) = postSolution
		{1E1DB313-E919-4CD7-8A8E-AB9A0A919F4D}.Debug|Any CPU.ActiveCfg = Debug|Any CPU
		{1E1DB313-E919-4CD7-8A8E-AB9A0A919F4D}.Debug|Any CPU.Build.0 = Debug|Any CPU
		{1E1DB313-E919-4CD7-8A8E-AB9A0A919F4D}.Release|Any CPU.ActiveCfg = Release|Any CPU
		{1E1DB313-E919-4CD7-8A8E-AB9A0A919F4D}.Release|Any CPU.Build.0 = Release|Any CPU
	EndGlobalSection
	GlobalSection(SolutionProperties) = preSolution
		HideSolutionNode = FALSE
	EndGlobalSection
	GlobalSection(ExtensibilityGlobals) = postSolution
		SolutionGuid = {14988A9A-2F97-4600-8252-2583839F671F}
	EndGlobalSection
EndGlobal
